// !$*UTF8*$!
{
	archiveVersion = 1;
	classes = {
	};
	objectVersion = 50;
	objects = {

/* Begin PBXBuildFile section */
		130883DD24899F4400B609F1 /* ViewTaskView.swift in Sources */ = {isa = PBXBuildFile; fileRef = 130883DC24899F4400B609F1 /* ViewTaskView.swift */; };
		92016D2524841BBE00A79E06 /* AppDelegate.swift in Sources */ = {isa = PBXBuildFile; fileRef = 92016D2424841BBE00A79E06 /* AppDelegate.swift */; };
		92016D2724841BBE00A79E06 /* SceneDelegate.swift in Sources */ = {isa = PBXBuildFile; fileRef = 92016D2624841BBE00A79E06 /* SceneDelegate.swift */; };
		92016D2A24841BBE00A79E06 /* TrackYourGoals.xcdatamodeld in Sources */ = {isa = PBXBuildFile; fileRef = 92016D2824841BBE00A79E06 /* TrackYourGoals.xcdatamodeld */; };
		92016D2C24841BBE00A79E06 /* ContentView.swift in Sources */ = {isa = PBXBuildFile; fileRef = 92016D2B24841BBE00A79E06 /* ContentView.swift */; };
		92016D2E24841BC000A79E06 /* Assets.xcassets in Resources */ = {isa = PBXBuildFile; fileRef = 92016D2D24841BC000A79E06 /* Assets.xcassets */; };
		92016D3124841BC000A79E06 /* Preview Assets.xcassets in Resources */ = {isa = PBXBuildFile; fileRef = 92016D3024841BC000A79E06 /* Preview Assets.xcassets */; };
		92016D3424841BC000A79E06 /* LaunchScreen.storyboard in Resources */ = {isa = PBXBuildFile; fileRef = 92016D3224841BC000A79E06 /* LaunchScreen.storyboard */; };
		92016D3F24841BC000A79E06 /* TrackYourGoalsTests.swift in Sources */ = {isa = PBXBuildFile; fileRef = 92016D3E24841BC000A79E06 /* TrackYourGoalsTests.swift */; };
		92016D4C2486B97300A79E06 /* Task.swift in Sources */ = {isa = PBXBuildFile; fileRef = 92016D4B2486B97300A79E06 /* Task.swift */; };
		92016D502486C37200A79E06 /* ViewRouter.swift in Sources */ = {isa = PBXBuildFile; fileRef = 92016D4F2486C37200A79E06 /* ViewRouter.swift */; };
		92016D522486CBFB00A79E06 /* AddTaskView.swift in Sources */ = {isa = PBXBuildFile; fileRef = 92016D512486CBFB00A79E06 /* AddTaskView.swift */; };
		92016D5424870ED200A79E06 /* CustomTabViewItem.swift in Sources */ = {isa = PBXBuildFile; fileRef = 92016D5324870ED200A79E06 /* CustomTabViewItem.swift */; };
		92016D5624881CB300A79E06 /* EditTaskView.swift in Sources */ = {isa = PBXBuildFile; fileRef = 92016D5524881CB300A79E06 /* EditTaskView.swift */; };
		92016D5824886FEA00A79E06 /* Util.swift in Sources */ = {isa = PBXBuildFile; fileRef = 92016D5724886FEA00A79E06 /* Util.swift */; };
		92016D5A248C98AF00A79E06 /* HistoryDayView.swift in Sources */ = {isa = PBXBuildFile; fileRef = 92016D59248C98AF00A79E06 /* HistoryDayView.swift */; };
/* End PBXBuildFile section */

/* Begin PBXContainerItemProxy section */
		92016D3B24841BC000A79E06 /* PBXContainerItemProxy */ = {
			isa = PBXContainerItemProxy;
			containerPortal = 92016D1924841BBE00A79E06 /* Project object */;
			proxyType = 1;
			remoteGlobalIDString = 92016D2024841BBE00A79E06;
			remoteInfo = TrackYourGoals;
		};
/* End PBXContainerItemProxy section */

/* Begin PBXFileReference section */
		130883DC24899F4400B609F1 /* ViewTaskView.swift */ = {isa = PBXFileReference; lastKnownFileType = sourcecode.swift; path = ViewTaskView.swift; sourceTree = "<group>"; };
		92016D2124841BBE00A79E06 /* TrackYourGoals.app */ = {isa = PBXFileReference; explicitFileType = wrapper.application; includeInIndex = 0; path = TrackYourGoals.app; sourceTree = BUILT_PRODUCTS_DIR; };
		92016D2424841BBE00A79E06 /* AppDelegate.swift */ = {isa = PBXFileReference; lastKnownFileType = sourcecode.swift; path = AppDelegate.swift; sourceTree = "<group>"; };
		92016D2624841BBE00A79E06 /* SceneDelegate.swift */ = {isa = PBXFileReference; lastKnownFileType = sourcecode.swift; path = SceneDelegate.swift; sourceTree = "<group>"; };
		92016D2924841BBE00A79E06 /* TrackYourGoals.xcdatamodel */ = {isa = PBXFileReference; lastKnownFileType = wrapper.xcdatamodel; path = TrackYourGoals.xcdatamodel; sourceTree = "<group>"; };
		92016D2B24841BBE00A79E06 /* ContentView.swift */ = {isa = PBXFileReference; lastKnownFileType = sourcecode.swift; path = ContentView.swift; sourceTree = "<group>"; };
		92016D2D24841BC000A79E06 /* Assets.xcassets */ = {isa = PBXFileReference; lastKnownFileType = folder.assetcatalog; path = Assets.xcassets; sourceTree = "<group>"; };
		92016D3024841BC000A79E06 /* Preview Assets.xcassets */ = {isa = PBXFileReference; lastKnownFileType = folder.assetcatalog; path = "Preview Assets.xcassets"; sourceTree = "<group>"; };
		92016D3324841BC000A79E06 /* Base */ = {isa = PBXFileReference; lastKnownFileType = file.storyboard; name = Base; path = Base.lproj/LaunchScreen.storyboard; sourceTree = "<group>"; };
		92016D3524841BC000A79E06 /* Info.plist */ = {isa = PBXFileReference; lastKnownFileType = text.plist.xml; path = Info.plist; sourceTree = "<group>"; };
		92016D3A24841BC000A79E06 /* TrackYourGoalsTests.xctest */ = {isa = PBXFileReference; explicitFileType = wrapper.cfbundle; includeInIndex = 0; path = TrackYourGoalsTests.xctest; sourceTree = BUILT_PRODUCTS_DIR; };
		92016D3E24841BC000A79E06 /* TrackYourGoalsTests.swift */ = {isa = PBXFileReference; lastKnownFileType = sourcecode.swift; path = TrackYourGoalsTests.swift; sourceTree = "<group>"; };
		92016D4024841BC000A79E06 /* Info.plist */ = {isa = PBXFileReference; lastKnownFileType = text.plist.xml; path = Info.plist; sourceTree = "<group>"; };
		92016D4B2486B97300A79E06 /* Task.swift */ = {isa = PBXFileReference; lastKnownFileType = sourcecode.swift; path = Task.swift; sourceTree = "<group>"; };
		92016D4F2486C37200A79E06 /* ViewRouter.swift */ = {isa = PBXFileReference; lastKnownFileType = sourcecode.swift; path = ViewRouter.swift; sourceTree = "<group>"; };
		92016D512486CBFB00A79E06 /* AddTaskView.swift */ = {isa = PBXFileReference; lastKnownFileType = sourcecode.swift; path = AddTaskView.swift; sourceTree = "<group>"; };
		92016D5324870ED200A79E06 /* CustomTabViewItem.swift */ = {isa = PBXFileReference; lastKnownFileType = sourcecode.swift; path = CustomTabViewItem.swift; sourceTree = "<group>"; };
		92016D5524881CB300A79E06 /* EditTaskView.swift */ = {isa = PBXFileReference; lastKnownFileType = sourcecode.swift; path = EditTaskView.swift; sourceTree = "<group>"; };
		92016D5724886FEA00A79E06 /* Util.swift */ = {isa = PBXFileReference; lastKnownFileType = sourcecode.swift; path = Util.swift; sourceTree = "<group>"; };
		92016D59248C98AF00A79E06 /* HistoryDayView.swift */ = {isa = PBXFileReference; lastKnownFileType = sourcecode.swift; path = HistoryDayView.swift; sourceTree = "<group>"; };
/* End PBXFileReference section */

/* Begin PBXFrameworksBuildPhase section */
		92016D1E24841BBE00A79E06 /* Frameworks */ = {
			isa = PBXFrameworksBuildPhase;
			buildActionMask = 2147483647;
			files = (
			);
			runOnlyForDeploymentPostprocessing = 0;
		};
		92016D3724841BC000A79E06 /* Frameworks */ = {
			isa = PBXFrameworksBuildPhase;
			buildActionMask = 2147483647;
			files = (
			);
			runOnlyForDeploymentPostprocessing = 0;
		};
/* End PBXFrameworksBuildPhase section */

/* Begin PBXGroup section */
		92016D1824841BBE00A79E06 = {
			isa = PBXGroup;
			children = (
				92016D2324841BBE00A79E06 /* TrackYourGoals */,
				92016D3D24841BC000A79E06 /* TrackYourGoalsTests */,
				92016D2224841BBE00A79E06 /* Products */,
			);
			sourceTree = "<group>";
		};
		92016D2224841BBE00A79E06 /* Products */ = {
			isa = PBXGroup;
			children = (
				92016D2124841BBE00A79E06 /* TrackYourGoals.app */,
				92016D3A24841BC000A79E06 /* TrackYourGoalsTests.xctest */,
			);
			name = Products;
			sourceTree = "<group>";
		};
		92016D2324841BBE00A79E06 /* TrackYourGoals */ = {
			isa = PBXGroup;
			children = (
				92016D2424841BBE00A79E06 /* AppDelegate.swift */,
				92016D2624841BBE00A79E06 /* SceneDelegate.swift */,
				92016D2B24841BBE00A79E06 /* ContentView.swift */,
				92016D4B2486B97300A79E06 /* Task.swift */,
				92016D512486CBFB00A79E06 /* AddTaskView.swift */,
				92016D5524881CB300A79E06 /* EditTaskView.swift */,
				130883DC24899F4400B609F1 /* ViewTaskView.swift */,
				92016D59248C98AF00A79E06 /* HistoryDayView.swift */,
				92016D5324870ED200A79E06 /* CustomTabViewItem.swift */,
				92016D4F2486C37200A79E06 /* ViewRouter.swift */,
				92016D5724886FEA00A79E06 /* Util.swift */,
				92016D2D24841BC000A79E06 /* Assets.xcassets */,
				92016D3224841BC000A79E06 /* LaunchScreen.storyboard */,
				92016D3524841BC000A79E06 /* Info.plist */,
				92016D2824841BBE00A79E06 /* TrackYourGoals.xcdatamodeld */,
				92016D2F24841BC000A79E06 /* Preview Content */,
			);
			path = TrackYourGoals;
			sourceTree = "<group>";
		};
		92016D2F24841BC000A79E06 /* Preview Content */ = {
			isa = PBXGroup;
			children = (
				92016D3024841BC000A79E06 /* Preview Assets.xcassets */,
			);
			path = "Preview Content";
			sourceTree = "<group>";
		};
		92016D3D24841BC000A79E06 /* TrackYourGoalsTests */ = {
			isa = PBXGroup;
			children = (
				92016D3E24841BC000A79E06 /* TrackYourGoalsTests.swift */,
				92016D4024841BC000A79E06 /* Info.plist */,
			);
			path = TrackYourGoalsTests;
			sourceTree = "<group>";
		};
/* End PBXGroup section */

/* Begin PBXNativeTarget section */
		92016D2024841BBE00A79E06 /* TrackYourGoals */ = {
			isa = PBXNativeTarget;
			buildConfigurationList = 92016D4324841BC000A79E06 /* Build configuration list for PBXNativeTarget "TrackYourGoals" */;
			buildPhases = (
				92016D1D24841BBE00A79E06 /* Sources */,
				92016D1E24841BBE00A79E06 /* Frameworks */,
				92016D1F24841BBE00A79E06 /* Resources */,
			);
			buildRules = (
			);
			dependencies = (
			);
			name = TrackYourGoals;
			productName = TrackYourGoals;
			productReference = 92016D2124841BBE00A79E06 /* TrackYourGoals.app */;
			productType = "com.apple.product-type.application";
		};
		92016D3924841BC000A79E06 /* TrackYourGoalsTests */ = {
			isa = PBXNativeTarget;
			buildConfigurationList = 92016D4624841BC000A79E06 /* Build configuration list for PBXNativeTarget "TrackYourGoalsTests" */;
			buildPhases = (
				92016D3624841BC000A79E06 /* Sources */,
				92016D3724841BC000A79E06 /* Frameworks */,
				92016D3824841BC000A79E06 /* Resources */,
			);
			buildRules = (
			);
			dependencies = (
				92016D3C24841BC000A79E06 /* PBXTargetDependency */,
			);
			name = TrackYourGoalsTests;
			productName = TrackYourGoalsTests;
			productReference = 92016D3A24841BC000A79E06 /* TrackYourGoalsTests.xctest */;
			productType = "com.apple.product-type.bundle.unit-test";
		};
/* End PBXNativeTarget section */

/* Begin PBXProject section */
		92016D1924841BBE00A79E06 /* Project object */ = {
			isa = PBXProject;
			attributes = {
				LastSwiftUpdateCheck = 1130;
				LastUpgradeCheck = 1130;
				ORGANIZATIONNAME = "Anurag Pradhan";
				TargetAttributes = {
					92016D2024841BBE00A79E06 = {
						CreatedOnToolsVersion = 11.3.1;
					};
					92016D3924841BC000A79E06 = {
						CreatedOnToolsVersion = 11.3.1;
						TestTargetID = 92016D2024841BBE00A79E06;
					};
				};
			};
			buildConfigurationList = 92016D1C24841BBE00A79E06 /* Build configuration list for PBXProject "TrackYourGoals" */;
			compatibilityVersion = "Xcode 9.3";
			developmentRegion = en;
			hasScannedForEncodings = 0;
			knownRegions = (
				en,
				Base,
			);
			mainGroup = 92016D1824841BBE00A79E06;
			productRefGroup = 92016D2224841BBE00A79E06 /* Products */;
			projectDirPath = "";
			projectRoot = "";
			targets = (
				92016D2024841BBE00A79E06 /* TrackYourGoals */,
				92016D3924841BC000A79E06 /* TrackYourGoalsTests */,
			);
		};
/* End PBXProject section */

/* Begin PBXResourcesBuildPhase section */
		92016D1F24841BBE00A79E06 /* Resources */ = {
			isa = PBXResourcesBuildPhase;
			buildActionMask = 2147483647;
			files = (
				92016D3424841BC000A79E06 /* LaunchScreen.storyboard in Resources */,
				92016D3124841BC000A79E06 /* Preview Assets.xcassets in Resources */,
				92016D2E24841BC000A79E06 /* Assets.xcassets in Resources */,
			);
			runOnlyForDeploymentPostprocessing = 0;
		};
		92016D3824841BC000A79E06 /* Resources */ = {
			isa = PBXResourcesBuildPhase;
			buildActionMask = 2147483647;
			files = (
			);
			runOnlyForDeploymentPostprocessing = 0;
		};
/* End PBXResourcesBuildPhase section */

/* Begin PBXSourcesBuildPhase section */
		92016D1D24841BBE00A79E06 /* Sources */ = {
			isa = PBXSourcesBuildPhase;
			buildActionMask = 2147483647;
			files = (
				92016D5624881CB300A79E06 /* EditTaskView.swift in Sources */,
				92016D2A24841BBE00A79E06 /* TrackYourGoals.xcdatamodeld in Sources */,
				92016D522486CBFB00A79E06 /* AddTaskView.swift in Sources */,
				92016D2524841BBE00A79E06 /* AppDelegate.swift in Sources */,
				92016D4C2486B97300A79E06 /* Task.swift in Sources */,
				92016D502486C37200A79E06 /* ViewRouter.swift in Sources */,
				92016D5A248C98AF00A79E06 /* HistoryDayView.swift in Sources */,
				92016D2C24841BBE00A79E06 /* ContentView.swift in Sources */,
				130883DD24899F4400B609F1 /* ViewTaskView.swift in Sources */,
				92016D5824886FEA00A79E06 /* Util.swift in Sources */,
				92016D5424870ED200A79E06 /* CustomTabViewItem.swift in Sources */,
				92016D2724841BBE00A79E06 /* SceneDelegate.swift in Sources */,
			);
			runOnlyForDeploymentPostprocessing = 0;
		};
		92016D3624841BC000A79E06 /* Sources */ = {
			isa = PBXSourcesBuildPhase;
			buildActionMask = 2147483647;
			files = (
				92016D3F24841BC000A79E06 /* TrackYourGoalsTests.swift in Sources */,
			);
			runOnlyForDeploymentPostprocessing = 0;
		};
/* End PBXSourcesBuildPhase section */

/* Begin PBXTargetDependency section */
		92016D3C24841BC000A79E06 /* PBXTargetDependency */ = {
			isa = PBXTargetDependency;
			target = 92016D2024841BBE00A79E06 /* TrackYourGoals */;
			targetProxy = 92016D3B24841BC000A79E06 /* PBXContainerItemProxy */;
		};
/* End PBXTargetDependency section */

/* Begin PBXVariantGroup section */
		92016D3224841BC000A79E06 /* LaunchScreen.storyboard */ = {
			isa = PBXVariantGroup;
			children = (
				92016D3324841BC000A79E06 /* Base */,
			);
			name = LaunchScreen.storyboard;
			sourceTree = "<group>";
		};
/* End PBXVariantGroup section */

/* Begin XCBuildConfiguration section */
		92016D4124841BC000A79E06 /* Debug */ = {
			isa = XCBuildConfiguration;
			buildSettings = {
				ALWAYS_SEARCH_USER_PATHS = NO;
				CLANG_ANALYZER_NONNULL = YES;
				CLANG_ANALYZER_NUMBER_OBJECT_CONVERSION = YES_AGGRESSIVE;
				CLANG_CXX_LANGUAGE_STANDARD = "gnu++14";
				CLANG_CXX_LIBRARY = "libc++";
				CLANG_ENABLE_MODULES = YES;
				CLANG_ENABLE_OBJC_ARC = YES;
				CLANG_ENABLE_OBJC_WEAK = YES;
				CLANG_WARN_BLOCK_CAPTURE_AUTORELEASING = YES;
				CLANG_WARN_BOOL_CONVERSION = YES;
				CLANG_WARN_COMMA = YES;
				CLANG_WARN_CONSTANT_CONVERSION = YES;
				CLANG_WARN_DEPRECATED_OBJC_IMPLEMENTATIONS = YES;
				CLANG_WARN_DIRECT_OBJC_ISA_USAGE = YES_ERROR;
				CLANG_WARN_DOCUMENTATION_COMMENTS = YES;
				CLANG_WARN_EMPTY_BODY = YES;
				CLANG_WARN_ENUM_CONVERSION = YES;
				CLANG_WARN_INFINITE_RECURSION = YES;
				CLANG_WARN_INT_CONVERSION = YES;
				CLANG_WARN_NON_LITERAL_NULL_CONVERSION = YES;
				CLANG_WARN_OBJC_IMPLICIT_RETAIN_SELF = YES;
				CLANG_WARN_OBJC_LITERAL_CONVERSION = YES;
				CLANG_WARN_OBJC_ROOT_CLASS = YES_ERROR;
				CLANG_WARN_RANGE_LOOP_ANALYSIS = YES;
				CLANG_WARN_STRICT_PROTOTYPES = YES;
				CLANG_WARN_SUSPICIOUS_MOVE = YES;
				CLANG_WARN_UNGUARDED_AVAILABILITY = YES_AGGRESSIVE;
				CLANG_WARN_UNREACHABLE_CODE = YES;
				CLANG_WARN__DUPLICATE_METHOD_MATCH = YES;
				COPY_PHASE_STRIP = NO;
				DEBUG_INFORMATION_FORMAT = dwarf;
				ENABLE_STRICT_OBJC_MSGSEND = YES;
				ENABLE_TESTABILITY = YES;
				GCC_C_LANGUAGE_STANDARD = gnu11;
				GCC_DYNAMIC_NO_PIC = NO;
				GCC_NO_COMMON_BLOCKS = YES;
				GCC_OPTIMIZATION_LEVEL = 0;
				GCC_PREPROCESSOR_DEFINITIONS = (
					"DEBUG=1",
					"$(inherited)",
				);
				GCC_WARN_64_TO_32_BIT_CONVERSION = YES;
				GCC_WARN_ABOUT_RETURN_TYPE = YES_ERROR;
				GCC_WARN_UNDECLARED_SELECTOR = YES;
				GCC_WARN_UNINITIALIZED_AUTOS = YES_AGGRESSIVE;
				GCC_WARN_UNUSED_FUNCTION = YES;
				GCC_WARN_UNUSED_VARIABLE = YES;
				IPHONEOS_DEPLOYMENT_TARGET = 13.2;
				MTL_ENABLE_DEBUG_INFO = INCLUDE_SOURCE;
				MTL_FAST_MATH = YES;
				ONLY_ACTIVE_ARCH = YES;
				SDKROOT = iphoneos;
				SWIFT_ACTIVE_COMPILATION_CONDITIONS = DEBUG;
				SWIFT_OPTIMIZATION_LEVEL = "-Onone";
			};
			name = Debug;
		};
		92016D4224841BC000A79E06 /* Release */ = {
			isa = XCBuildConfiguration;
			buildSettings = {
				ALWAYS_SEARCH_USER_PATHS = NO;
				CLANG_ANALYZER_NONNULL = YES;
				CLANG_ANALYZER_NUMBER_OBJECT_CONVERSION = YES_AGGRESSIVE;
				CLANG_CXX_LANGUAGE_STANDARD = "gnu++14";
				CLANG_CXX_LIBRARY = "libc++";
				CLANG_ENABLE_MODULES = YES;
				CLANG_ENABLE_OBJC_ARC = YES;
				CLANG_ENABLE_OBJC_WEAK = YES;
				CLANG_WARN_BLOCK_CAPTURE_AUTORELEASING = YES;
				CLANG_WARN_BOOL_CONVERSION = YES;
				CLANG_WARN_COMMA = YES;
				CLANG_WARN_CONSTANT_CONVERSION = YES;
				CLANG_WARN_DEPRECATED_OBJC_IMPLEMENTATIONS = YES;
				CLANG_WARN_DIRECT_OBJC_ISA_USAGE = YES_ERROR;
				CLANG_WARN_DOCUMENTATION_COMMENTS = YES;
				CLANG_WARN_EMPTY_BODY = YES;
				CLANG_WARN_ENUM_CONVERSION = YES;
				CLANG_WARN_INFINITE_RECURSION = YES;
				CLANG_WARN_INT_CONVERSION = YES;
				CLANG_WARN_NON_LITERAL_NULL_CONVERSION = YES;
				CLANG_WARN_OBJC_IMPLICIT_RETAIN_SELF = YES;
				CLANG_WARN_OBJC_LITERAL_CONVERSION = YES;
				CLANG_WARN_OBJC_ROOT_CLASS = YES_ERROR;
				CLANG_WARN_RANGE_LOOP_ANALYSIS = YES;
				CLANG_WARN_STRICT_PROTOTYPES = YES;
				CLANG_WARN_SUSPICIOUS_MOVE = YES;
				CLANG_WARN_UNGUARDED_AVAILABILITY = YES_AGGRESSIVE;
				CLANG_WARN_UNREACHABLE_CODE = YES;
				CLANG_WARN__DUPLICATE_METHOD_MATCH = YES;
				COPY_PHASE_STRIP = NO;
				DEBUG_INFORMATION_FORMAT = "dwarf-with-dsym";
				ENABLE_NS_ASSERTIONS = NO;
				ENABLE_STRICT_OBJC_MSGSEND = YES;
				GCC_C_LANGUAGE_STANDARD = gnu11;
				GCC_NO_COMMON_BLOCKS = YES;
				GCC_WARN_64_TO_32_BIT_CONVERSION = YES;
				GCC_WARN_ABOUT_RETURN_TYPE = YES_ERROR;
				GCC_WARN_UNDECLARED_SELECTOR = YES;
				GCC_WARN_UNINITIALIZED_AUTOS = YES_AGGRESSIVE;
				GCC_WARN_UNUSED_FUNCTION = YES;
				GCC_WARN_UNUSED_VARIABLE = YES;
				IPHONEOS_DEPLOYMENT_TARGET = 13.2;
				MTL_ENABLE_DEBUG_INFO = NO;
				MTL_FAST_MATH = YES;
				SDKROOT = iphoneos;
				SWIFT_COMPILATION_MODE = wholemodule;
				SWIFT_OPTIMIZATION_LEVEL = "-O";
				VALIDATE_PRODUCT = YES;
			};
			name = Release;
		};
		92016D4424841BC000A79E06 /* Debug */ = {
			isa = XCBuildConfiguration;
			buildSettings = {
				ASSETCATALOG_COMPILER_APPICON_NAME = AppIcon;
				CODE_SIGN_STYLE = Automatic;
				DEVELOPMENT_ASSET_PATHS = "\"TrackYourGoals/Preview Content\"";
				ENABLE_PREVIEWS = YES;
				INFOPLIST_FILE = TrackYourGoals/Info.plist;
				LD_RUNPATH_SEARCH_PATHS = (
					"$(inherited)",
					"@executable_path/Frameworks",
				);
				PRODUCT_BUNDLE_IDENTIFIER = anuragpradhan.TrackYourGoals;
				PRODUCT_NAME = "$(TARGET_NAME)";
				SWIFT_VERSION = 5.0;
				TARGETED_DEVICE_FAMILY = "1,2";
			};
			name = Debug;
		};
		92016D4524841BC000A79E06 /* Release */ = {
			isa = XCBuildConfiguration;
			buildSettings = {
				ASSETCATALOG_COMPILER_APPICON_NAME = AppIcon;
				CODE_SIGN_STYLE = Automatic;
				DEVELOPMENT_ASSET_PATHS = "\"TrackYourGoals/Preview Content\"";
				ENABLE_PREVIEWS = YES;
				INFOPLIST_FILE = TrackYourGoals/Info.plist;
				LD_RUNPATH_SEARCH_PATHS = (
					"$(inherited)",
					"@executable_path/Frameworks",
				);
				PRODUCT_BUNDLE_IDENTIFIER = anuragpradhan.TrackYourGoals;
				PRODUCT_NAME = "$(TARGET_NAME)";
				SWIFT_VERSION = 5.0;
				TARGETED_DEVICE_FAMILY = "1,2";
			};
			name = Release;
		};
		92016D4724841BC000A79E06 /* Debug */ = {
			isa = XCBuildConfiguration;
			buildSettings = {
				ALWAYS_EMBED_SWIFT_STANDARD_LIBRARIES = YES;
				BUNDLE_LOADER = "$(TEST_HOST)";
				CODE_SIGN_STYLE = Automatic;
				INFOPLIST_FILE = TrackYourGoalsTests/Info.plist;
				IPHONEOS_DEPLOYMENT_TARGET = 13.2;
				LD_RUNPATH_SEARCH_PATHS = (
					"$(inherited)",
					"@executable_path/Frameworks",
					"@loader_path/Frameworks",
				);
				PRODUCT_BUNDLE_IDENTIFIER = anuragpradhan.TrackYourGoalsTests;
				PRODUCT_NAME = "$(TARGET_NAME)";
				SWIFT_VERSION = 5.0;
				TARGETED_DEVICE_FAMILY = "1,2";
				TEST_HOST = "$(BUILT_PRODUCTS_DIR)/TrackYourGoals.app/TrackYourGoals";
			};
			name = Debug;
		};
		92016D4824841BC000A79E06 /* Release */ = {
			isa = XCBuildConfiguration;
			buildSettings = {
				ALWAYS_EMBED_SWIFT_STANDARD_LIBRARIES = YES;
				BUNDLE_LOADER = "$(TEST_HOST)";
				CODE_SIGN_STYLE = Automatic;
				INFOPLIST_FILE = TrackYourGoalsTests/Info.plist;
				IPHONEOS_DEPLOYMENT_TARGET = 13.2;
				LD_RUNPATH_SEARCH_PATHS = (
					"$(inherited)",
					"@executable_path/Frameworks",
					"@loader_path/Frameworks",
				);
				PRODUCT_BUNDLE_IDENTIFIER = anuragpradhan.TrackYourGoalsTests;
				PRODUCT_NAME = "$(TARGET_NAME)";
				SWIFT_VERSION = 5.0;
				TARGETED_DEVICE_FAMILY = "1,2";
				TEST_HOST = "$(BUILT_PRODUCTS_DIR)/TrackYourGoals.app/TrackYourGoals";
			};
			name = Release;
		};
/* End XCBuildConfiguration section */

/* Begin XCConfigurationList section */
		92016D1C24841BBE00A79E06 /* Build configuration list for PBXProject "TrackYourGoals" */ = {
			isa = XCConfigurationList;
			buildConfigurations = (
				92016D4124841BC000A79E06 /* Debug */,
				92016D4224841BC000A79E06 /* Release */,
			);
			defaultConfigurationIsVisible = 0;
			defaultConfigurationName = Release;
		};
		92016D4324841BC000A79E06 /* Build configuration list for PBXNativeTarget "TrackYourGoals" */ = {
			isa = XCConfigurationList;
			buildConfigurations = (
				92016D4424841BC000A79E06 /* Debug */,
				92016D4524841BC000A79E06 /* Release */,
			);
			defaultConfigurationIsVisible = 0;
			defaultConfigurationName = Release;
		};
		92016D4624841BC000A79E06 /* Build configuration list for PBXNativeTarget "TrackYourGoalsTests" */ = {
			isa = XCConfigurationList;
			buildConfigurations = (
				92016D4724841BC000A79E06 /* Debug */,
				92016D4824841BC000A79E06 /* Release */,
			);
			defaultConfigurationIsVisible = 0;
			defaultConfigurationName = Release;
		};
/* End XCConfigurationList section */

/* Begin XCVersionGroup section */
		92016D2824841BBE00A79E06 /* TrackYourGoals.xcdatamodeld */ = {
			isa = XCVersionGroup;
			children = (
				92016D2924841BBE00A79E06 /* TrackYourGoals.xcdatamodel */,
			);
			currentVersion = 92016D2924841BBE00A79E06 /* TrackYourGoals.xcdatamodel */;
			path = TrackYourGoals.xcdatamodeld;
			sourceTree = "<group>";
			versionGroupType = wrapper.xcdatamodel;
		};
/* End XCVersionGroup section */
	};
	rootObject = 92016D1924841BBE00A79E06 /* Project object */;
}
